{
  "name": "Client",
  "lockfileVersion": 2,
  "requires": true,
  "packages": {
    "": {
      "dependencies": {
        "nipplejs": "^0.9.0"
      }
    },
    "node_modules/nipplejs": {
      "version": "0.9.0",
      "resolved": "https://registry.npmjs.org/nipplejs/-/nipplejs-0.9.0.tgz",
      "integrity": "sha512-TH2CkxWiTAnc0ld/Q8wQMFAhlWTL1QYWuwNLqmMzh8Y1dLv3ECKYydkfiyoiRwSy+fQvCukXvu2RSHinvjOoUg=="
    }
  },
  "dependencies": {
    "nipplejs": {
      "version": "0.9.0",
      "resolved": "https://registry.npmjs.org/nipplejs/-/nipplejs-0.9.0.tgz",
      "integrity": "sha512-TH2CkxWiTAnc0ld/Q8wQMFAhlWTL1QYWuwNLqmMzh8Y1dLv3ECKYydkfiyoiRwSy+fQvCukXvu2RSHinvjOoUg=="
    }
  }
}
